
Microsoft Visual Studio Solution File, Format Version 12.00
# Visual Studio Version 16
VisualStudioVersion = 16.0.29519.87
MinimumVisualStudioVersion = 10.0.40219.1
Project("{F2A71F9B-5D33-465A-A702-920D77279786}") = "2019", "2019.fsproj", "{6062F451-1974-4A28-A967-EBBA36D8B094}"
EndProject
Global
	GlobalSection(SolutionConfigurationPlatforms) = preSolution
		Debug|Any CPU = Debug|Any CPU
		Release|Any CPU = Release|Any CPU
	EndGlobalSection
	GlobalSection(ProjectConfigurationPlatforms) = postSolution
		{6062F451-1974-4A28-A967-EBBA36D8B094}.Debug|Any CPU.ActiveCfg = Debug|Any CPU
		{6062F451-1974-4A28-A967-EBBA36D8B094}.Debug|Any CPU.Build.0 = Debug|Any CPU
		{6062F451-1974-4A28-A967-EBBA36D8B094}.Release|Any CPU.ActiveCfg = Release|Any CPU
		{6062F451-1974-4A28-A967-EBBA36D8B094}.Release|Any CPU.Build.0 = Release|Any CPU
	EndGlobalSection
	GlobalSection(SolutionProperties) = preSolution
		HideSolutionNode = FALSE
	EndGlobalSection
	GlobalSection(ExtensibilityGlobals) = postSolution
		SolutionGuid = {D6973AA6-0C22-477F-BD01-C5E5267B2267}
	EndGlobalSection
EndGlobal
